
Microsoft Visual Studio Solution File, Format Version 12.00
# Visual Studio Version 17
VisualStudioVersion = 17.9.34723.18
MinimumVisualStudioVersion = 10.0.40219.1
Project("{FAE04EC0-301F-11D3-BF4B-00C04F79EFBC}") = "CodeFirst", "CodeFirst\CodeFirst.csproj", "{8621C094-D982-4E01-89E5-6C80852FE29E}"
EndProject
Global
	GlobalSection(SolutionConfigurationPlatforms) = preSolution
		Debug|Any CPU = Debug|Any CPU
		Release|Any CPU = Release|Any CPU
	EndGlobalSection
	GlobalSection(ProjectConfigurationPlatforms) = postSolution
		{8621C094-D982-4E01-89E5-6C80852FE29E}.Debug|Any CPU.ActiveCfg = Debug|Any CPU
		{8621C094-D982-4E01-89E5-6C80852FE29E}.Debug|Any CPU.Build.0 = Debug|Any CPU
		{8621C094-D982-4E01-89E5-6C80852FE29E}.Release|Any CPU.ActiveCfg = Release|Any CPU
		{8621C094-D982-4E01-89E5-6C80852FE29E}.Release|Any CPU.Build.0 = Release|Any CPU
	EndGlobalSection
	GlobalSection(SolutionProperties) = preSolution
		HideSolutionNode = FALSE
	EndGlobalSection
	GlobalSection(ExtensibilityGlobals) = postSolution
		SolutionGuid = {E71329C1-1122-424C-A9EC-3BA43161E1AF}
	EndGlobalSection
EndGlobal
